// !$*UTF8*$!
{
	archiveVersion = 1;
	classes = {
	};
	objectVersion = 55;
	objects = {

/* Begin PBXBuildFile section */
		BE1C196D275C3171000B3059 /* EditView.swift in Sources */ = {isa = PBXBuildFile; fileRef = BE1C196C275C3171000B3059 /* EditView.swift */; };
		BE5BE49F2756FC2900E6F832 /* Loadable.swift in Sources */ = {isa = PBXBuildFile; fileRef = BE5BE49E2756FC2900E6F832 /* Loadable.swift */; };
		BE5BE4A12757CEE700E6F832 /* CancelBag.swift in Sources */ = {isa = PBXBuildFile; fileRef = BE5BE4A02757CEE700E6F832 /* CancelBag.swift */; };
		BE5BE4A32758278F00E6F832 /* SettingVIew.swift in Sources */ = {isa = PBXBuildFile; fileRef = BE5BE4A22758278F00E6F832 /* SettingVIew.swift */; };
		BE5BE4A527582B2300E6F832 /* WebRepository.swift in Sources */ = {isa = PBXBuildFile; fileRef = BE5BE4A427582B2300E6F832 /* WebRepository.swift */; };
		BE5BE4A727582C6A00E6F832 /* FileRepository.swift in Sources */ = {isa = PBXBuildFile; fileRef = BE5BE4A627582C6A00E6F832 /* FileRepository.swift */; };
		BE79C99C27512D02008F3E97 /* PaperLibApp.swift in Sources */ = {isa = PBXBuildFile; fileRef = BE79C99B27512D02008F3E97 /* PaperLibApp.swift */; };
		BE79C99E27512D02008F3E97 /* ContentView.swift in Sources */ = {isa = PBXBuildFile; fileRef = BE79C99D27512D02008F3E97 /* ContentView.swift */; };
		BE79C9A027512D05008F3E97 /* Assets.xcassets in Resources */ = {isa = PBXBuildFile; fileRef = BE79C99F27512D05008F3E97 /* Assets.xcassets */; };
		BE79C9A327512D05008F3E97 /* Preview Assets.xcassets in Resources */ = {isa = PBXBuildFile; fileRef = BE79C9A227512D05008F3E97 /* Preview Assets.xcassets */; };
		BE79C9AC27512D88008F3E97 /* RootViewModifier.swift in Sources */ = {isa = PBXBuildFile; fileRef = BE79C9AB27512D88008F3E97 /* RootViewModifier.swift */; };
		BE79C9AF27512E24008F3E97 /* AppState.swift in Sources */ = {isa = PBXBuildFile; fileRef = BE79C9AE27512E24008F3E97 /* AppState.swift */; };
		BE79C9B227512EEA008F3E97 /* SidebarView.swift in Sources */ = {isa = PBXBuildFile; fileRef = BE79C9B127512EEA008F3E97 /* SidebarView.swift */; };
		BE79C9B427512F96008F3E97 /* DependencyInjector.swift in Sources */ = {isa = PBXBuildFile; fileRef = BE79C9B327512F96008F3E97 /* DependencyInjector.swift */; };
		BE79C9B727512FFF008F3E97 /* Store.swift in Sources */ = {isa = PBXBuildFile; fileRef = BE79C9B627512FFF008F3E97 /* Store.swift */; };
		BE79C9BA275130F8008F3E97 /* EntitiesInteractor.swift in Sources */ = {isa = PBXBuildFile; fileRef = BE79C9B9275130F8008F3E97 /* EntitiesInteractor.swift */; };
		BE79C9BD275131A9008F3E97 /* DBRepository.swift in Sources */ = {isa = PBXBuildFile; fileRef = BE79C9BC275131A9008F3E97 /* DBRepository.swift */; };
		BE79C9C0275134FB008F3E97 /* AppEnvironment.swift in Sources */ = {isa = PBXBuildFile; fileRef = BE79C9BF275134FB008F3E97 /* AppEnvironment.swift */; };
		BE79C9C2275140AC008F3E97 /* MainView.swift in Sources */ = {isa = PBXBuildFile; fileRef = BE79C9C1275140AC008F3E97 /* MainView.swift */; };
		BE79C9C527514112008F3E97 /* ListRow.swift in Sources */ = {isa = PBXBuildFile; fileRef = BE79C9C427514112008F3E97 /* ListRow.swift */; };
		BE79C9C8275142D1008F3E97 /* PaperEntity.swift in Sources */ = {isa = PBXBuildFile; fileRef = BE79C9C7275142D1008F3E97 /* PaperEntity.swift */; };
		BE79C9CF275154D5008F3E97 /* PaperTag.swift in Sources */ = {isa = PBXBuildFile; fileRef = BE79C9CE275154D5008F3E97 /* PaperTag.swift */; };
		BE79C9D12751550D008F3E97 /* PaperFolder.swift in Sources */ = {isa = PBXBuildFile; fileRef = BE79C9D02751550D008F3E97 /* PaperFolder.swift */; };
		BE79C9D32752DCFF008F3E97 /* DetailView.swift in Sources */ = {isa = PBXBuildFile; fileRef = BE79C9D22752DCFF008F3E97 /* DetailView.swift */; };
		BE79C9D52752EE84008F3E97 /* RatingComponent.swift in Sources */ = {isa = PBXBuildFile; fileRef = BE79C9D42752EE84008F3E97 /* RatingComponent.swift */; };
		BE79C9D72752F9F4008F3E97 /* DetailSection.swift in Sources */ = {isa = PBXBuildFile; fileRef = BE79C9D62752F9F4008F3E97 /* DetailSection.swift */; };
		BE79C9D92752FB10008F3E97 /* ThubnailComponent.swift in Sources */ = {isa = PBXBuildFile; fileRef = BE79C9D82752FB10008F3E97 /* ThubnailComponent.swift */; };
		BEB7583227559A700086E360 /* SearchBar.swift in Sources */ = {isa = PBXBuildFile; fileRef = BEB7583127559A700086E360 /* SearchBar.swift */; };
		BEB7583427559CF00086E360 /* Misc.swift in Sources */ = {isa = PBXBuildFile; fileRef = BEB7583327559CF00086E360 /* Misc.swift */; };
		BEEB7A922762C56500383CCA /* Sparkle in Frameworks */ = {isa = PBXBuildFile; productRef = BEEB7A912762C56500383CCA /* Sparkle */; };
		BEEB7A952762C59100383CCA /* SwiftyJSON in Frameworks */ = {isa = PBXBuildFile; productRef = BEEB7A942762C59100383CCA /* SwiftyJSON */; };
		BEEB7A982762C5A500383CCA /* SwiftyXMLParser in Frameworks */ = {isa = PBXBuildFile; productRef = BEEB7A972762C5A500383CCA /* SwiftyXMLParser */; };
		BEEB7A9B2762C5BB00383CCA /* Alamofire in Frameworks */ = {isa = PBXBuildFile; productRef = BEEB7A9A2762C5BB00383CCA /* Alamofire */; };
		BEEB7A9E2762C5EA00383CCA /* Realm in Frameworks */ = {isa = PBXBuildFile; productRef = BEEB7A9D2762C5EA00383CCA /* Realm */; };
		BEEB7AA02762C5EA00383CCA /* RealmSwift in Frameworks */ = {isa = PBXBuildFile; productRef = BEEB7A9F2762C5EA00383CCA /* RealmSwift */; };
		BEEB7AA22762C93B00383CCA /* Updater.swift in Sources */ = {isa = PBXBuildFile; fileRef = BEEB7AA12762C93B00383CCA /* Updater.swift */; };
/* End PBXBuildFile section */

/* Begin PBXFileReference section */
		BE1C196C275C3171000B3059 /* EditView.swift */ = {isa = PBXFileReference; lastKnownFileType = sourcecode.swift; path = EditView.swift; sourceTree = "<group>"; };
		BE5BE49E2756FC2900E6F832 /* Loadable.swift */ = {isa = PBXFileReference; lastKnownFileType = sourcecode.swift; path = Loadable.swift; sourceTree = "<group>"; };
		BE5BE4A02757CEE700E6F832 /* CancelBag.swift */ = {isa = PBXFileReference; lastKnownFileType = sourcecode.swift; path = CancelBag.swift; sourceTree = "<group>"; };
		BE5BE4A22758278F00E6F832 /* SettingVIew.swift */ = {isa = PBXFileReference; lastKnownFileType = sourcecode.swift; path = SettingVIew.swift; sourceTree = "<group>"; };
		BE5BE4A427582B2300E6F832 /* WebRepository.swift */ = {isa = PBXFileReference; lastKnownFileType = sourcecode.swift; path = WebRepository.swift; sourceTree = "<group>"; };
		BE5BE4A627582C6A00E6F832 /* FileRepository.swift */ = {isa = PBXFileReference; lastKnownFileType = sourcecode.swift; path = FileRepository.swift; sourceTree = "<group>"; };
		BE79C99827512D02008F3E97 /* PaperLib.app */ = {isa = PBXFileReference; explicitFileType = wrapper.application; includeInIndex = 0; path = PaperLib.app; sourceTree = BUILT_PRODUCTS_DIR; };
		BE79C99B27512D02008F3E97 /* PaperLibApp.swift */ = {isa = PBXFileReference; lastKnownFileType = sourcecode.swift; path = PaperLibApp.swift; sourceTree = "<group>"; };
		BE79C99D27512D02008F3E97 /* ContentView.swift */ = {isa = PBXFileReference; lastKnownFileType = sourcecode.swift; path = ContentView.swift; sourceTree = "<group>"; };
		BE79C99F27512D05008F3E97 /* Assets.xcassets */ = {isa = PBXFileReference; lastKnownFileType = folder.assetcatalog; path = Assets.xcassets; sourceTree = "<group>"; };
		BE79C9A227512D05008F3E97 /* Preview Assets.xcassets */ = {isa = PBXFileReference; lastKnownFileType = folder.assetcatalog; path = "Preview Assets.xcassets"; sourceTree = "<group>"; };
		BE79C9A427512D05008F3E97 /* PaperLib.entitlements */ = {isa = PBXFileReference; lastKnownFileType = text.plist.entitlements; path = PaperLib.entitlements; sourceTree = "<group>"; };
		BE79C9AB27512D88008F3E97 /* RootViewModifier.swift */ = {isa = PBXFileReference; lastKnownFileType = sourcecode.swift; path = RootViewModifier.swift; sourceTree = "<group>"; };
		BE79C9AE27512E24008F3E97 /* AppState.swift */ = {isa = PBXFileReference; lastKnownFileType = sourcecode.swift; path = AppState.swift; sourceTree = "<group>"; };
		BE79C9B127512EEA008F3E97 /* SidebarView.swift */ = {isa = PBXFileReference; lastKnownFileType = sourcecode.swift; path = SidebarView.swift; sourceTree = "<group>"; };
		BE79C9B327512F96008F3E97 /* DependencyInjector.swift */ = {isa = PBXFileReference; lastKnownFileType = sourcecode.swift; path = DependencyInjector.swift; sourceTree = "<group>"; };
		BE79C9B627512FFF008F3E97 /* Store.swift */ = {isa = PBXFileReference; lastKnownFileType = sourcecode.swift; path = Store.swift; sourceTree = "<group>"; };
		BE79C9B9275130F8008F3E97 /* EntitiesInteractor.swift */ = {isa = PBXFileReference; lastKnownFileType = sourcecode.swift; path = EntitiesInteractor.swift; sourceTree = "<group>"; };
		BE79C9BC275131A9008F3E97 /* DBRepository.swift */ = {isa = PBXFileReference; lastKnownFileType = sourcecode.swift; path = DBRepository.swift; sourceTree = "<group>"; };
		BE79C9BF275134FB008F3E97 /* AppEnvironment.swift */ = {isa = PBXFileReference; lastKnownFileType = sourcecode.swift; path = AppEnvironment.swift; sourceTree = "<group>"; };
		BE79C9C1275140AC008F3E97 /* MainView.swift */ = {isa = PBXFileReference; lastKnownFileType = sourcecode.swift; path = MainView.swift; sourceTree = "<group>"; };
		BE79C9C427514112008F3E97 /* ListRow.swift */ = {isa = PBXFileReference; lastKnownFileType = sourcecode.swift; path = ListRow.swift; sourceTree = "<group>"; };
		BE79C9C7275142D1008F3E97 /* PaperEntity.swift */ = {isa = PBXFileReference; lastKnownFileType = sourcecode.swift; path = PaperEntity.swift; sourceTree = "<group>"; };
		BE79C9CE275154D5008F3E97 /* PaperTag.swift */ = {isa = PBXFileReference; lastKnownFileType = sourcecode.swift; path = PaperTag.swift; sourceTree = "<group>"; };
		BE79C9D02751550D008F3E97 /* PaperFolder.swift */ = {isa = PBXFileReference; lastKnownFileType = sourcecode.swift; path = PaperFolder.swift; sourceTree = "<group>"; };
		BE79C9D22752DCFF008F3E97 /* DetailView.swift */ = {isa = PBXFileReference; lastKnownFileType = sourcecode.swift; path = DetailView.swift; sourceTree = "<group>"; };
		BE79C9D42752EE84008F3E97 /* RatingComponent.swift */ = {isa = PBXFileReference; lastKnownFileType = sourcecode.swift; path = RatingComponent.swift; sourceTree = "<group>"; };
		BE79C9D62752F9F4008F3E97 /* DetailSection.swift */ = {isa = PBXFileReference; lastKnownFileType = sourcecode.swift; path = DetailSection.swift; sourceTree = "<group>"; };
		BE79C9D82752FB10008F3E97 /* ThubnailComponent.swift */ = {isa = PBXFileReference; lastKnownFileType = sourcecode.swift; path = ThubnailComponent.swift; sourceTree = "<group>"; };
		BEB7583127559A700086E360 /* SearchBar.swift */ = {isa = PBXFileReference; lastKnownFileType = sourcecode.swift; path = SearchBar.swift; sourceTree = "<group>"; };
		BEB7583327559CF00086E360 /* Misc.swift */ = {isa = PBXFileReference; lastKnownFileType = sourcecode.swift; path = Misc.swift; sourceTree = "<group>"; };
		BEEB7AA12762C93B00383CCA /* Updater.swift */ = {isa = PBXFileReference; lastKnownFileType = sourcecode.swift; path = Updater.swift; sourceTree = "<group>"; };
		BEEB7AA32762CB1300383CCA /* Info.plist */ = {isa = PBXFileReference; lastKnownFileType = text.plist; path = Info.plist; sourceTree = "<group>"; };
/* End PBXFileReference section */

/* Begin PBXFrameworksBuildPhase section */
		BE79C99527512D02008F3E97 /* Frameworks */ = {
			isa = PBXFrameworksBuildPhase;
			buildActionMask = 2147483647;
			files = (
				BEEB7AA02762C5EA00383CCA /* RealmSwift in Frameworks */,
				BEEB7A952762C59100383CCA /* SwiftyJSON in Frameworks */,
				BEEB7A9B2762C5BB00383CCA /* Alamofire in Frameworks */,
				BEEB7A982762C5A500383CCA /* SwiftyXMLParser in Frameworks */,
				BEEB7A922762C56500383CCA /* Sparkle in Frameworks */,
				BEEB7A9E2762C5EA00383CCA /* Realm in Frameworks */,
			);
			runOnlyForDeploymentPostprocessing = 0;
		};
/* End PBXFrameworksBuildPhase section */

/* Begin PBXGroup section */
		BE79C98F27512D02008F3E97 = {
			isa = PBXGroup;
			children = (
				BE79C99A27512D02008F3E97 /* PaperLib */,
				BE79C99927512D02008F3E97 /* Products */,
			);
			sourceTree = "<group>";
		};
		BE79C99927512D02008F3E97 /* Products */ = {
			isa = PBXGroup;
			children = (
				BE79C99827512D02008F3E97 /* PaperLib.app */,
			);
			name = Products;
			sourceTree = "<group>";
		};
		BE79C99A27512D02008F3E97 /* PaperLib */ = {
			isa = PBXGroup;
			children = (
				BEEB7AA32762CB1300383CCA /* Info.plist */,
				BE79C9C6275142B5008F3E97 /* Models */,
				BE79C9BB2751318D008F3E97 /* Repositories */,
				BE79C9B827513037008F3E97 /* Interactors */,
				BE79C9B527512FF0008F3E97 /* Utilities */,
				BE79C9AD27512E17008F3E97 /* Injected */,
				BE79C9AA27512D68008F3E97 /* UI */,
				BE79C99B27512D02008F3E97 /* PaperLibApp.swift */,
				BE79C9BF275134FB008F3E97 /* AppEnvironment.swift */,
				BE79C99F27512D05008F3E97 /* Assets.xcassets */,
				BE79C9A427512D05008F3E97 /* PaperLib.entitlements */,
				BE79C9A127512D05008F3E97 /* Preview Content */,
			);
			path = PaperLib;
			sourceTree = "<group>";
		};
		BE79C9A127512D05008F3E97 /* Preview Content */ = {
			isa = PBXGroup;
			children = (
				BE79C9A227512D05008F3E97 /* Preview Assets.xcassets */,
			);
			path = "Preview Content";
			sourceTree = "<group>";
		};
		BE79C9AA27512D68008F3E97 /* UI */ = {
			isa = PBXGroup;
			children = (
				BE79C9C3275140FA008F3E97 /* Components */,
				BE79C9B027512EDD008F3E97 /* Views */,
				BE79C9AB27512D88008F3E97 /* RootViewModifier.swift */,
			);
			path = UI;
			sourceTree = "<group>";
		};
		BE79C9AD27512E17008F3E97 /* Injected */ = {
			isa = PBXGroup;
			children = (
				BE79C9AE27512E24008F3E97 /* AppState.swift */,
				BE79C9B327512F96008F3E97 /* DependencyInjector.swift */,
			);
			path = Injected;
			sourceTree = "<group>";
		};
		BE79C9B027512EDD008F3E97 /* Views */ = {
			isa = PBXGroup;
			children = (
				BE79C99D27512D02008F3E97 /* ContentView.swift */,
				BE79C9B127512EEA008F3E97 /* SidebarView.swift */,
				BE79C9C1275140AC008F3E97 /* MainView.swift */,
				BE79C9D22752DCFF008F3E97 /* DetailView.swift */,
			);
			path = Views;
			sourceTree = "<group>";
		};
		BE79C9B527512FF0008F3E97 /* Utilities */ = {
			isa = PBXGroup;
			children = (
				BE79C9B627512FFF008F3E97 /* Store.swift */,
				BEB7583327559CF00086E360 /* Misc.swift */,
				BE5BE49E2756FC2900E6F832 /* Loadable.swift */,
				BE5BE4A02757CEE700E6F832 /* CancelBag.swift */,
				BEEB7AA12762C93B00383CCA /* Updater.swift */,
			);
			path = Utilities;
			sourceTree = "<group>";
		};
		BE79C9B827513037008F3E97 /* Interactors */ = {
			isa = PBXGroup;
			children = (
				BE79C9B9275130F8008F3E97 /* EntitiesInteractor.swift */,
			);
			path = Interactors;
			sourceTree = "<group>";
		};
		BE79C9BB2751318D008F3E97 /* Repositories */ = {
			isa = PBXGroup;
			children = (
				BE79C9BC275131A9008F3E97 /* DBRepository.swift */,
				BE5BE4A427582B2300E6F832 /* WebRepository.swift */,
				BE5BE4A627582C6A00E6F832 /* FileRepository.swift */,
			);
			path = Repositories;
			sourceTree = "<group>";
		};
		BE79C9C3275140FA008F3E97 /* Components */ = {
			isa = PBXGroup;
			children = (
				BE79C9C427514112008F3E97 /* ListRow.swift */,
				BE79C9D42752EE84008F3E97 /* RatingComponent.swift */,
				BE79C9D62752F9F4008F3E97 /* DetailSection.swift */,
				BE79C9D82752FB10008F3E97 /* ThubnailComponent.swift */,
				BEB7583127559A700086E360 /* SearchBar.swift */,
				BE5BE4A22758278F00E6F832 /* SettingVIew.swift */,
				BE1C196C275C3171000B3059 /* EditView.swift */,
			);
			path = Components;
			sourceTree = "<group>";
		};
		BE79C9C6275142B5008F3E97 /* Models */ = {
			isa = PBXGroup;
			children = (
				BE79C9C7275142D1008F3E97 /* PaperEntity.swift */,
				BE79C9CE275154D5008F3E97 /* PaperTag.swift */,
				BE79C9D02751550D008F3E97 /* PaperFolder.swift */,
			);
			path = Models;
			sourceTree = "<group>";
		};
/* End PBXGroup section */

/* Begin PBXNativeTarget section */
		BE79C99727512D02008F3E97 /* PaperLib */ = {
			isa = PBXNativeTarget;
			buildConfigurationList = BE79C9A727512D05008F3E97 /* Build configuration list for PBXNativeTarget "PaperLib" */;
			buildPhases = (
				BE79C99427512D02008F3E97 /* Sources */,
				BE79C99527512D02008F3E97 /* Frameworks */,
				BE79C99627512D02008F3E97 /* Resources */,
			);
			buildRules = (
			);
			dependencies = (
			);
			name = PaperLib;
			packageProductDependencies = (
				BEEB7A912762C56500383CCA /* Sparkle */,
				BEEB7A942762C59100383CCA /* SwiftyJSON */,
				BEEB7A972762C5A500383CCA /* SwiftyXMLParser */,
				BEEB7A9A2762C5BB00383CCA /* Alamofire */,
				BEEB7A9D2762C5EA00383CCA /* Realm */,
				BEEB7A9F2762C5EA00383CCA /* RealmSwift */,
			);
			productName = PaperLib;
			productReference = BE79C99827512D02008F3E97 /* PaperLib.app */;
			productType = "com.apple.product-type.application";
		};
/* End PBXNativeTarget section */

/* Begin PBXProject section */
		BE79C99027512D02008F3E97 /* Project object */ = {
			isa = PBXProject;
			attributes = {
				BuildIndependentTargetsInParallel = 1;
				LastSwiftUpdateCheck = 1310;
				LastUpgradeCheck = 1310;
				TargetAttributes = {
					BE79C99727512D02008F3E97 = {
						CreatedOnToolsVersion = 13.1;
					};
				};
			};
			buildConfigurationList = BE79C99327512D02008F3E97 /* Build configuration list for PBXProject "PaperLib" */;
			compatibilityVersion = "Xcode 13.0";
			developmentRegion = en;
			hasScannedForEncodings = 0;
			knownRegions = (
				en,
				Base,
			);
			mainGroup = BE79C98F27512D02008F3E97;
			packageReferences = (
				BEEB7A902762C56500383CCA /* XCRemoteSwiftPackageReference "Sparkle" */,
				BEEB7A932762C59100383CCA /* XCRemoteSwiftPackageReference "SwiftyJSON" */,
				BEEB7A962762C5A500383CCA /* XCRemoteSwiftPackageReference "SwiftyXMLParser" */,
				BEEB7A992762C5BB00383CCA /* XCRemoteSwiftPackageReference "Alamofire" */,
				BEEB7A9C2762C5EA00383CCA /* XCRemoteSwiftPackageReference "realm-cocoa" */,
			);
			productRefGroup = BE79C99927512D02008F3E97 /* Products */;
			projectDirPath = "";
			projectRoot = "";
			targets = (
				BE79C99727512D02008F3E97 /* PaperLib */,
			);
		};
/* End PBXProject section */

/* Begin PBXResourcesBuildPhase section */
		BE79C99627512D02008F3E97 /* Resources */ = {
			isa = PBXResourcesBuildPhase;
			buildActionMask = 2147483647;
			files = (
				BE79C9A327512D05008F3E97 /* Preview Assets.xcassets in Resources */,
				BE79C9A027512D05008F3E97 /* Assets.xcassets in Resources */,
			);
			runOnlyForDeploymentPostprocessing = 0;
		};
/* End PBXResourcesBuildPhase section */

/* Begin PBXSourcesBuildPhase section */
		BE79C99427512D02008F3E97 /* Sources */ = {
			isa = PBXSourcesBuildPhase;
			buildActionMask = 2147483647;
			files = (
				BE5BE4A12757CEE700E6F832 /* CancelBag.swift in Sources */,
				BE79C9B727512FFF008F3E97 /* Store.swift in Sources */,
				BE79C9B427512F96008F3E97 /* DependencyInjector.swift in Sources */,
				BE79C9B227512EEA008F3E97 /* SidebarView.swift in Sources */,
				BE79C9BA275130F8008F3E97 /* EntitiesInteractor.swift in Sources */,
				BE79C9BD275131A9008F3E97 /* DBRepository.swift in Sources */,
				BE79C9D12751550D008F3E97 /* PaperFolder.swift in Sources */,
				BE79C9D92752FB10008F3E97 /* ThubnailComponent.swift in Sources */,
				BE79C9C0275134FB008F3E97 /* AppEnvironment.swift in Sources */,
				BE5BE4A727582C6A00E6F832 /* FileRepository.swift in Sources */,
				BE79C9C8275142D1008F3E97 /* PaperEntity.swift in Sources */,
				BE79C9D72752F9F4008F3E97 /* DetailSection.swift in Sources */,
				BE79C99E27512D02008F3E97 /* ContentView.swift in Sources */,
				BE79C9D32752DCFF008F3E97 /* DetailView.swift in Sources */,
				BE5BE4A32758278F00E6F832 /* SettingVIew.swift in Sources */,
				BE79C9C2275140AC008F3E97 /* MainView.swift in Sources */,
				BE79C9CF275154D5008F3E97 /* PaperTag.swift in Sources */,
				BEEB7AA22762C93B00383CCA /* Updater.swift in Sources */,
				BE79C9C527514112008F3E97 /* ListRow.swift in Sources */,
				BE79C99C27512D02008F3E97 /* PaperLibApp.swift in Sources */,
				BE79C9AC27512D88008F3E97 /* RootViewModifier.swift in Sources */,
				BEB7583227559A700086E360 /* SearchBar.swift in Sources */,
				BEB7583427559CF00086E360 /* Misc.swift in Sources */,
				BE5BE4A527582B2300E6F832 /* WebRepository.swift in Sources */,
				BE1C196D275C3171000B3059 /* EditView.swift in Sources */,
				BE5BE49F2756FC2900E6F832 /* Loadable.swift in Sources */,
				BE79C9D52752EE84008F3E97 /* RatingComponent.swift in Sources */,
				BE79C9AF27512E24008F3E97 /* AppState.swift in Sources */,
			);
			runOnlyForDeploymentPostprocessing = 0;
		};
/* End PBXSourcesBuildPhase section */

/* Begin XCBuildConfiguration section */
		BE79C9A527512D05008F3E97 /* Debug */ = {
			isa = XCBuildConfiguration;
			buildSettings = {
				ALWAYS_SEARCH_USER_PATHS = NO;
				CLANG_ANALYZER_NONNULL = YES;
				CLANG_ANALYZER_NUMBER_OBJECT_CONVERSION = YES_AGGRESSIVE;
				CLANG_CXX_LANGUAGE_STANDARD = "gnu++17";
				CLANG_CXX_LIBRARY = "libc++";
				CLANG_ENABLE_MODULES = YES;
				CLANG_ENABLE_OBJC_ARC = YES;
				CLANG_ENABLE_OBJC_WEAK = YES;
				CLANG_WARN_BLOCK_CAPTURE_AUTORELEASING = YES;
				CLANG_WARN_BOOL_CONVERSION = YES;
				CLANG_WARN_COMMA = YES;
				CLANG_WARN_CONSTANT_CONVERSION = YES;
				CLANG_WARN_DEPRECATED_OBJC_IMPLEMENTATIONS = YES;
				CLANG_WARN_DIRECT_OBJC_ISA_USAGE = YES_ERROR;
				CLANG_WARN_DOCUMENTATION_COMMENTS = YES;
				CLANG_WARN_EMPTY_BODY = YES;
				CLANG_WARN_ENUM_CONVERSION = YES;
				CLANG_WARN_INFINITE_RECURSION = YES;
				CLANG_WARN_INT_CONVERSION = YES;
				CLANG_WARN_NON_LITERAL_NULL_CONVERSION = YES;
				CLANG_WARN_OBJC_IMPLICIT_RETAIN_SELF = YES;
				CLANG_WARN_OBJC_LITERAL_CONVERSION = YES;
				CLANG_WARN_OBJC_ROOT_CLASS = YES_ERROR;
				CLANG_WARN_QUOTED_INCLUDE_IN_FRAMEWORK_HEADER = YES;
				CLANG_WARN_RANGE_LOOP_ANALYSIS = YES;
				CLANG_WARN_STRICT_PROTOTYPES = YES;
				CLANG_WARN_SUSPICIOUS_MOVE = YES;
				CLANG_WARN_UNGUARDED_AVAILABILITY = YES_AGGRESSIVE;
				CLANG_WARN_UNREACHABLE_CODE = YES;
				CLANG_WARN__DUPLICATE_METHOD_MATCH = YES;
				CODE_SIGN_ENTITLEMENTS = PaperLib/PaperLib.entitlements;
				COPY_PHASE_STRIP = NO;
				DEBUG_INFORMATION_FORMAT = dwarf;
				ENABLE_APP_SANDBOX = NO;
				ENABLE_STRICT_OBJC_MSGSEND = YES;
				ENABLE_TESTABILITY = YES;
				ENABLE_USER_SELECTED_FILES = readwrite;
				GCC_C_LANGUAGE_STANDARD = gnu11;
				GCC_DYNAMIC_NO_PIC = NO;
				GCC_NO_COMMON_BLOCKS = YES;
				GCC_OPTIMIZATION_LEVEL = 0;
				GCC_PREPROCESSOR_DEFINITIONS = (
					"DEBUG=1",
					"$(inherited)",
				);
				GCC_WARN_64_TO_32_BIT_CONVERSION = YES;
				GCC_WARN_ABOUT_RETURN_TYPE = YES_ERROR;
				GCC_WARN_UNDECLARED_SELECTOR = YES;
				GCC_WARN_UNINITIALIZED_AUTOS = YES_AGGRESSIVE;
				GCC_WARN_UNUSED_FUNCTION = YES;
				GCC_WARN_UNUSED_VARIABLE = YES;
				MACOSX_DEPLOYMENT_TARGET = 12.0;
				MTL_ENABLE_DEBUG_INFO = INCLUDE_SOURCE;
				MTL_FAST_MATH = YES;
				ONLY_ACTIVE_ARCH = YES;
				SDKROOT = macosx;
				SWIFT_ACTIVE_COMPILATION_CONDITIONS = DEBUG;
				SWIFT_OPTIMIZATION_LEVEL = "-Onone";
			};
			name = Debug;
		};
		BE79C9A627512D05008F3E97 /* Release */ = {
			isa = XCBuildConfiguration;
			buildSettings = {
				ALWAYS_SEARCH_USER_PATHS = NO;
				CLANG_ANALYZER_NONNULL = YES;
				CLANG_ANALYZER_NUMBER_OBJECT_CONVERSION = YES_AGGRESSIVE;
				CLANG_CXX_LANGUAGE_STANDARD = "gnu++17";
				CLANG_CXX_LIBRARY = "libc++";
				CLANG_ENABLE_MODULES = YES;
				CLANG_ENABLE_OBJC_ARC = YES;
				CLANG_ENABLE_OBJC_WEAK = YES;
				CLANG_WARN_BLOCK_CAPTURE_AUTORELEASING = YES;
				CLANG_WARN_BOOL_CONVERSION = YES;
				CLANG_WARN_COMMA = YES;
				CLANG_WARN_CONSTANT_CONVERSION = YES;
				CLANG_WARN_DEPRECATED_OBJC_IMPLEMENTATIONS = YES;
				CLANG_WARN_DIRECT_OBJC_ISA_USAGE = YES_ERROR;
				CLANG_WARN_DOCUMENTATION_COMMENTS = YES;
				CLANG_WARN_EMPTY_BODY = YES;
				CLANG_WARN_ENUM_CONVERSION = YES;
				CLANG_WARN_INFINITE_RECURSION = YES;
				CLANG_WARN_INT_CONVERSION = YES;
				CLANG_WARN_NON_LITERAL_NULL_CONVERSION = YES;
				CLANG_WARN_OBJC_IMPLICIT_RETAIN_SELF = YES;
				CLANG_WARN_OBJC_LITERAL_CONVERSION = YES;
				CLANG_WARN_OBJC_ROOT_CLASS = YES_ERROR;
				CLANG_WARN_QUOTED_INCLUDE_IN_FRAMEWORK_HEADER = YES;
				CLANG_WARN_RANGE_LOOP_ANALYSIS = YES;
				CLANG_WARN_STRICT_PROTOTYPES = YES;
				CLANG_WARN_SUSPICIOUS_MOVE = YES;
				CLANG_WARN_UNGUARDED_AVAILABILITY = YES_AGGRESSIVE;
				CLANG_WARN_UNREACHABLE_CODE = YES;
				CLANG_WARN__DUPLICATE_METHOD_MATCH = YES;
				CODE_SIGN_ENTITLEMENTS = PaperLib/PaperLib.entitlements;
				COPY_PHASE_STRIP = NO;
				DEBUG_INFORMATION_FORMAT = "dwarf-with-dsym";
				ENABLE_APP_SANDBOX = NO;
				ENABLE_NS_ASSERTIONS = NO;
				ENABLE_STRICT_OBJC_MSGSEND = YES;
				ENABLE_USER_SELECTED_FILES = readwrite;
				GCC_C_LANGUAGE_STANDARD = gnu11;
				GCC_NO_COMMON_BLOCKS = YES;
				GCC_WARN_64_TO_32_BIT_CONVERSION = YES;
				GCC_WARN_ABOUT_RETURN_TYPE = YES_ERROR;
				GCC_WARN_UNDECLARED_SELECTOR = YES;
				GCC_WARN_UNINITIALIZED_AUTOS = YES_AGGRESSIVE;
				GCC_WARN_UNUSED_FUNCTION = YES;
				GCC_WARN_UNUSED_VARIABLE = YES;
				MACOSX_DEPLOYMENT_TARGET = 12.0;
				MTL_ENABLE_DEBUG_INFO = NO;
				MTL_FAST_MATH = YES;
				SDKROOT = macosx;
				SWIFT_COMPILATION_MODE = wholemodule;
				SWIFT_OPTIMIZATION_LEVEL = "-O";
			};
			name = Release;
		};
		BE79C9A827512D05008F3E97 /* Debug */ = {
			isa = XCBuildConfiguration;
			buildSettings = {
				ASSETCATALOG_COMPILER_APPICON_NAME = AppIcon;
				ASSETCATALOG_COMPILER_GLOBAL_ACCENT_COLOR_NAME = AccentColor;
				CODE_SIGN_ENTITLEMENTS = PaperLib/PaperLib.entitlements;
				CODE_SIGN_STYLE = Automatic;
				COMBINE_HIDPI_IMAGES = YES;
				CURRENT_PROJECT_VERSION = 1;
				DEVELOPMENT_ASSET_PATHS = "\"PaperLib/Preview Content\"";
				DEVELOPMENT_TEAM = 5G866JUZ55;
				ENABLE_HARDENED_RUNTIME = YES;
				ENABLE_PREVIEWS = YES;
				GENERATE_INFOPLIST_FILE = YES;
				INFOPLIST_FILE = PaperLib/Info.plist;
				INFOPLIST_KEY_LSApplicationCategoryType = "public.app-category.education";
				INFOPLIST_KEY_NSHumanReadableCopyright = "";
				LD_RUNPATH_SEARCH_PATHS = (
					"$(inherited)",
					"@executable_path/../Frameworks",
				);
				MACOSX_DEPLOYMENT_TARGET = 12.0;
				MARKETING_VERSION = 1.2.1;
				PRODUCT_BUNDLE_IDENTIFIER = dev.geo.PaperLib;
				PRODUCT_NAME = "$(TARGET_NAME)";
				SWIFT_EMIT_LOC_STRINGS = YES;
				SWIFT_VERSION = 5.0;
			};
			name = Debug;
		};
		BE79C9A927512D05008F3E97 /* Release */ = {
			isa = XCBuildConfiguration;
			buildSettings = {
				ASSETCATALOG_COMPILER_APPICON_NAME = AppIcon;
				ASSETCATALOG_COMPILER_GLOBAL_ACCENT_COLOR_NAME = AccentColor;
				CODE_SIGN_ENTITLEMENTS = PaperLib/PaperLib.entitlements;
				CODE_SIGN_STYLE = Automatic;
				COMBINE_HIDPI_IMAGES = YES;
				CURRENT_PROJECT_VERSION = 1;
				DEVELOPMENT_ASSET_PATHS = "\"PaperLib/Preview Content\"";
				DEVELOPMENT_TEAM = 5G866JUZ55;
				ENABLE_HARDENED_RUNTIME = YES;
				ENABLE_PREVIEWS = YES;
				GENERATE_INFOPLIST_FILE = YES;
				INFOPLIST_FILE = PaperLib/Info.plist;
				INFOPLIST_KEY_LSApplicationCategoryType = "public.app-category.education";
				INFOPLIST_KEY_NSHumanReadableCopyright = "";
				LD_RUNPATH_SEARCH_PATHS = (
					"$(inherited)",
					"@executable_path/../Frameworks",
				);
				MACOSX_DEPLOYMENT_TARGET = 12.0;
				MARKETING_VERSION = 1.2.1;
				PRODUCT_BUNDLE_IDENTIFIER = dev.geo.PaperLib;
				PRODUCT_NAME = "$(TARGET_NAME)";
				SWIFT_EMIT_LOC_STRINGS = YES;
				SWIFT_VERSION = 5.0;
			};
			name = Release;
		};
/* End XCBuildConfiguration section */

/* Begin XCConfigurationList section */
		BE79C99327512D02008F3E97 /* Build configuration list for PBXProject "PaperLib" */ = {
			isa = XCConfigurationList;
			buildConfigurations = (
				BE79C9A527512D05008F3E97 /* Debug */,
				BE79C9A627512D05008F3E97 /* Release */,
			);
			defaultConfigurationIsVisible = 0;
			defaultConfigurationName = Release;
		};
		BE79C9A727512D05008F3E97 /* Build configuration list for PBXNativeTarget "PaperLib" */ = {
			isa = XCConfigurationList;
			buildConfigurations = (
				BE79C9A827512D05008F3E97 /* Debug */,
				BE79C9A927512D05008F3E97 /* Release */,
			);
			defaultConfigurationIsVisible = 0;
			defaultConfigurationName = Release;
		};
/* End XCConfigurationList section */

/* Begin XCRemoteSwiftPackageReference section */
		BEEB7A902762C56500383CCA /* XCRemoteSwiftPackageReference "Sparkle" */ = {
			isa = XCRemoteSwiftPackageReference;
			repositoryURL = "https://github.com/sparkle-project/Sparkle";
			requirement = {
				kind = exactVersion;
				version = "2.0.0-beta.6";
			};
		};
		BEEB7A932762C59100383CCA /* XCRemoteSwiftPackageReference "SwiftyJSON" */ = {
			isa = XCRemoteSwiftPackageReference;
			repositoryURL = "https://github.com/SwiftyJSON/SwiftyJSON.git";
			requirement = {
				kind = versionRange;
				maximumVersion = 6.0.0;
				minimumVersion = 5.0.0;
			};
		};
		BEEB7A962762C5A500383CCA /* XCRemoteSwiftPackageReference "SwiftyXMLParser" */ = {
			isa = XCRemoteSwiftPackageReference;
			repositoryURL = "https://github.com/yahoojapan/SwiftyXMLParser.git";
			requirement = {
				kind = upToNextMajorVersion;
				minimumVersion = 5.0.0;
			};
		};
		BEEB7A992762C5BB00383CCA /* XCRemoteSwiftPackageReference "Alamofire" */ = {
			isa = XCRemoteSwiftPackageReference;
			repositoryURL = "https://github.com/Alamofire/Alamofire.git";
			requirement = {
				kind = upToNextMajorVersion;
				minimumVersion = 5.0.0;
			};
		};
		BEEB7A9C2762C5EA00383CCA /* XCRemoteSwiftPackageReference "realm-cocoa" */ = {
			isa = XCRemoteSwiftPackageReference;
			repositoryURL = "https://github.com/realm/realm-cocoa.git";
			requirement = {
				kind = upToNextMajorVersion;
				minimumVersion = 10.0.0;
			};
		};
/* End XCRemoteSwiftPackageReference section */

/* Begin XCSwiftPackageProductDependency section */
		BEEB7A912762C56500383CCA /* Sparkle */ = {
			isa = XCSwiftPackageProductDependency;
			package = BEEB7A902762C56500383CCA /* XCRemoteSwiftPackageReference "Sparkle" */;
			productName = Sparkle;
		};
		BEEB7A942762C59100383CCA /* SwiftyJSON */ = {
			isa = XCSwiftPackageProductDependency;
			package = BEEB7A932762C59100383CCA /* XCRemoteSwiftPackageReference "SwiftyJSON" */;
			productName = SwiftyJSON;
		};
		BEEB7A972762C5A500383CCA /* SwiftyXMLParser */ = {
			isa = XCSwiftPackageProductDependency;
			package = BEEB7A962762C5A500383CCA /* XCRemoteSwiftPackageReference "SwiftyXMLParser" */;
			productName = SwiftyXMLParser;
		};
		BEEB7A9A2762C5BB00383CCA /* Alamofire */ = {
			isa = XCSwiftPackageProductDependency;
			package = BEEB7A992762C5BB00383CCA /* XCRemoteSwiftPackageReference "Alamofire" */;
			productName = Alamofire;
		};
		BEEB7A9D2762C5EA00383CCA /* Realm */ = {
			isa = XCSwiftPackageProductDependency;
			package = BEEB7A9C2762C5EA00383CCA /* XCRemoteSwiftPackageReference "realm-cocoa" */;
			productName = Realm;
		};
		BEEB7A9F2762C5EA00383CCA /* RealmSwift */ = {
			isa = XCSwiftPackageProductDependency;
			package = BEEB7A9C2762C5EA00383CCA /* XCRemoteSwiftPackageReference "realm-cocoa" */;
			productName = RealmSwift;
		};
/* End XCSwiftPackageProductDependency section */
	};
	rootObject = BE79C99027512D02008F3E97 /* Project object */;
}
