{
  "object": {
    "pins": [
      {
        "package": "Alamofire",
        "repositoryURL": "https://github.com/Alamofire/Alamofire/",
        "state": {
          "branch": null,
          "revision": "f96b619bcb2383b43d898402283924b80e2c4bae",
          "version": "5.4.3"
        }
      },
      {
        "package": "Antlr4",
        "repositoryURL": "https://github.com/MaxHaertwig/ANTLR4-Swift.git",
        "state": {
          "branch": null,
          "revision": "0b4eed93b803c931db67cc30434b5531f72d50b1",
          "version": "4.9.1"
        }
      },
      {
        "package": "SwiftUILib-DocumentPicker",
        "repositoryURL": "https://github.com/swiftuilib/document-picker",
        "state": {
          "branch": null,
          "revision": "dca7adf7c1ff5355b696ba2da7aebf6ffa9bb15d",
          "version": "1.0.0"
        }
      },
      {
        "package": "Realm",
        "repositoryURL": "https://github.com/realm/realm-cocoa",
        "state": {
          "branch": null,
          "revision": "77658519b13388c098a7624a94491738f8bb2983",
          "version": "10.10.0"
        }
      },
      {
        "package": "RealmDatabase",
        "repositoryURL": "https://github.com/realm/realm-core",
        "state": {
          "branch": null,
          "revision": "95da0df7815d7cbaff14ed5e8b73fe4c2a992816",
          "version": "11.0.4"
        }
      },
      {
        "package": "SQLite.swift",
        "repositoryURL": "https://github.com/stephencelis/SQLite.swift.git",
        "state": {
          "branch": null,
          "revision": "9af51e2edf491c0ea632e369a6566e09b65aa333",
          "version": "0.13.0"
        }
      },
      {
        "package": "SwiftyBibtex",
        "repositoryURL": "https://github.com/MaxHaertwig/SwiftyBibtex",
        "state": {
          "branch": null,
          "revision": "b653c01e6315cf06c2c55a8396a397cdadaddccf",
          "version": "1.0.0"
        }
      },
      {
        "package": "SwiftyJSON",
        "repositoryURL": "https://github.com/SwiftyJSON/SwiftyJSON",
        "state": {
          "branch": null,
          "revision": "b3dcd7dbd0d488e1a7077cb33b00f2083e382f07",
          "version": "5.0.1"
        }
      },
      {
        "package": "SwiftyXMLParser",
        "repositoryURL": "https://github.com/yahoojapan/SwiftyXMLParser",
        "state": {
          "branch": null,
          "revision": "ec7f183642adf429babd867d1a38c5c6912408ba",
          "version": "5.3.0"
        }
      }
    ]
  },
  "version": 1
}
